
Microsoft Visual Studio Solution File, Format Version 12.00
# Visual Studio Version 17
VisualStudioVersion = 17.3.32929.385
MinimumVisualStudioVersion = 10.0.40219.1
Project("{9A19103F-16F7-4668-BE54-9A1E7A4F7556}") = "GmJournal.WebApp", "GmJournal.WebApp\GmJournal.WebApp.csproj", "{54E9AE48-E23C-4FE4-B049-6A6D7EFC7144}"
EndProject
Project("{9A19103F-16F7-4668-BE54-9A1E7A4F7556}") = "GmJournal.Data", "GmJournal.Data\GmJournal.Data.csproj", "{54CBCA4B-3A48-440F-BEC5-A0FB0B5BA889}"
EndProject
Global
	GlobalSection(SolutionConfigurationPlatforms) = preSolution
		Debug|Any CPU = Debug|Any CPU
		Release|Any CPU = Release|Any CPU
	EndGlobalSection
	GlobalSection(ProjectConfigurationPlatforms) = postSolution
		{54E9AE48-E23C-4FE4-B049-6A6D7EFC7144}.Debug|Any CPU.ActiveCfg = Debug|Any CPU
		{54E9AE48-E23C-4FE4-B049-6A6D7EFC7144}.Debug|Any CPU.Build.0 = Debug|Any CPU
		{54E9AE48-E23C-4FE4-B049-6A6D7EFC7144}.Release|Any CPU.ActiveCfg = Release|Any CPU
		{54E9AE48-E23C-4FE4-B049-6A6D7EFC7144}.Release|Any CPU.Build.0 = Release|Any CPU
		{54CBCA4B-3A48-440F-BEC5-A0FB0B5BA889}.Debug|Any CPU.ActiveCfg = Debug|Any CPU
		{54CBCA4B-3A48-440F-BEC5-A0FB0B5BA889}.Debug|Any CPU.Build.0 = Debug|Any CPU
		{54CBCA4B-3A48-440F-BEC5-A0FB0B5BA889}.Release|Any CPU.ActiveCfg = Release|Any CPU
		{54CBCA4B-3A48-440F-BEC5-A0FB0B5BA889}.Release|Any CPU.Build.0 = Release|Any CPU
	EndGlobalSection
	GlobalSection(SolutionProperties) = preSolution
		HideSolutionNode = FALSE
	EndGlobalSection
	GlobalSection(ExtensibilityGlobals) = postSolution
		SolutionGuid = {DFDB57EA-4F99-4570-AA34-47C75EC0BCBC}
	EndGlobalSection
EndGlobal
